
Microsoft Visual Studio Solution File, Format Version 12.00
# Visual Studio 2012
Project("{FAE04EC0-301F-11D3-BF4B-00C04F79EFBC}") = "ExcelSelectionChangedDemo", "ExcelSelectionChangedDemo\ExcelSelectionChangedDemo.csproj", "{244F3EE6-9866-4712-9CA4-4FEF534531CD}"
EndProject
Project("{FAE04EC0-301F-11D3-BF4B-00C04F79EFBC}") = "ExcelSelectionChangedDemoWeb", "ExcelSelectionChangedDemoWeb\ExcelSelectionChangedDemoWeb.csproj", "{CCD98FCF-F2AF-49DC-B3C3-9246BD4CB1E2}"
EndProject
Global
	GlobalSection(SolutionConfigurationPlatforms) = preSolution
		Debug|Any CPU = Debug|Any CPU
		Release|Any CPU = Release|Any CPU
	EndGlobalSection
	GlobalSection(ProjectConfigurationPlatforms) = postSolution
		{244F3EE6-9866-4712-9CA4-4FEF534531CD}.Debug|Any CPU.ActiveCfg = Debug|Any CPU
		{244F3EE6-9866-4712-9CA4-4FEF534531CD}.Debug|Any CPU.Build.0 = Debug|Any CPU
		{244F3EE6-9866-4712-9CA4-4FEF534531CD}.Debug|Any CPU.Deploy.0 = Debug|Any CPU
		{244F3EE6-9866-4712-9CA4-4FEF534531CD}.Release|Any CPU.ActiveCfg = Release|Any CPU
		{244F3EE6-9866-4712-9CA4-4FEF534531CD}.Release|Any CPU.Build.0 = Release|Any CPU
		{244F3EE6-9866-4712-9CA4-4FEF534531CD}.Release|Any CPU.Deploy.0 = Release|Any CPU
		{CCD98FCF-F2AF-49DC-B3C3-9246BD4CB1E2}.Debug|Any CPU.ActiveCfg = Debug|Any CPU
		{CCD98FCF-F2AF-49DC-B3C3-9246BD4CB1E2}.Debug|Any CPU.Build.0 = Debug|Any CPU
		{CCD98FCF-F2AF-49DC-B3C3-9246BD4CB1E2}.Release|Any CPU.ActiveCfg = Release|Any CPU
		{CCD98FCF-F2AF-49DC-B3C3-9246BD4CB1E2}.Release|Any CPU.Build.0 = Release|Any CPU
	EndGlobalSection
	GlobalSection(SolutionProperties) = preSolution
		HideSolutionNode = FALSE
	EndGlobalSection
EndGlobal
